
Microsoft Visual Studio Solution File, Format Version 12.00
# Visual Studio Version 17
VisualStudioVersion = 17.3.32901.215
MinimumVisualStudioVersion = 10.0.40219.1
Project("{FAE04EC0-301F-11D3-BF4B-00C04F79EFBC}") = "ApiCatalogo", "ApiCatalogo\ApiCatalogo.csproj", "{75C1AD72-3120-4222-8B1C-1D109DD2EC25}"
EndProject
Global
	GlobalSection(SolutionConfigurationPlatforms) = preSolution
		Debug|Any CPU = Debug|Any CPU
		Release|Any CPU = Release|Any CPU
	EndGlobalSection
	GlobalSection(ProjectConfigurationPlatforms) = postSolution
		{75C1AD72-3120-4222-8B1C-1D109DD2EC25}.Debug|Any CPU.ActiveCfg = Debug|Any CPU
		{75C1AD72-3120-4222-8B1C-1D109DD2EC25}.Debug|Any CPU.Build.0 = Debug|Any CPU
		{75C1AD72-3120-4222-8B1C-1D109DD2EC25}.Release|Any CPU.ActiveCfg = Release|Any CPU
		{75C1AD72-3120-4222-8B1C-1D109DD2EC25}.Release|Any CPU.Build.0 = Release|Any CPU
	EndGlobalSection
	GlobalSection(SolutionProperties) = preSolution
		HideSolutionNode = FALSE
	EndGlobalSection
	GlobalSection(ExtensibilityGlobals) = postSolution
		SolutionGuid = {6C23AF6E-1E66-4387-9341-06351C492145}
	EndGlobalSection
EndGlobal
